// !$*UTF8*$!
{
	archiveVersion = 1;
	classes = {
	};
	objectVersion = 45;
	objects = {

/* Begin PBXBuildFile section */
		1D3623260D0F684500981E51 /* touchAppDelegate.m in Sources */ = {isa = PBXBuildFile; fileRef = 1D3623250D0F684500981E51 /* touchAppDelegate.m */; };
		1D60589B0D05DD56006BFB54 /* main.m in Sources */ = {isa = PBXBuildFile; fileRef = 29B97316FDCFA39411CA2CEA /* main.m */; };
		1D60589F0D05DD5A006BFB54 /* Foundation.framework in Frameworks */ = {isa = PBXBuildFile; fileRef = 1D30AB110D05D00D00671497 /* Foundation.framework */; };
		1DF5F4E00D08C38300B7A737 /* UIKit.framework in Frameworks */ = {isa = PBXBuildFile; fileRef = 1DF5F4DF0D08C38300B7A737 /* UIKit.framework */; };
		288765FD0DF74451002DB57D /* CoreGraphics.framework in Frameworks */ = {isa = PBXBuildFile; fileRef = 288765FC0DF74451002DB57D /* CoreGraphics.framework */; };
		28AD733F0D9D9553002E5188 /* MainWindow.xib in Resources */ = {isa = PBXBuildFile; fileRef = 28AD733E0D9D9553002E5188 /* MainWindow.xib */; };
		A025467C0E7D648B0096455D /* Icon.png in Resources */ = {isa = PBXBuildFile; fileRef = A025467B0E7D648B0096455D /* Icon.png */; };
		A02B41A60E7CF9A60079642B /* README in Resources */ = {isa = PBXBuildFile; fileRef = A02B41A50E7CF9A60079642B /* README */; };
		A03350DA0E7DC39B002DB27C /* Hash.m in Sources */ = {isa = PBXBuildFile; fileRef = A03350D80E7DC39B002DB27C /* Hash.m */; };
		A03350DB0E7DC39B002DB27C /* HashTest.m in Sources */ = {isa = PBXBuildFile; fileRef = A03350D90E7DC39B002DB27C /* HashTest.m */; };
		A094581C0E7C52E500C3CC96 /* MainViewController.m in Sources */ = {isa = PBXBuildFile; fileRef = A094581B0E7C52E500C3CC96 /* MainViewController.m */; };
		A09458730E7C566500C3CC96 /* TestViewController.m in Sources */ = {isa = PBXBuildFile; fileRef = A09458720E7C566500C3CC96 /* TestViewController.m */; };
		A0945A430E7CBFCD00C3CC96 /* UnitTest.m in Sources */ = {isa = PBXBuildFile; fileRef = A0945A410E7CBFCD00C3CC96 /* UnitTest.m */; };
		A0945A530E7CC00600C3CC96 /* DataTypesTest.m in Sources */ = {isa = PBXBuildFile; fileRef = A0945A450E7CC00600C3CC96 /* DataTypesTest.m */; };
		A0945A540E7CC00600C3CC96 /* NSArrayTest.m in Sources */ = {isa = PBXBuildFile; fileRef = A0945A460E7CC00600C3CC96 /* NSArrayTest.m */; };
		A0945A550E7CC00600C3CC96 /* NSBundleTest.m in Sources */ = {isa = PBXBuildFile; fileRef = A0945A470E7CC00600C3CC96 /* NSBundleTest.m */; };
		A0945A560E7CC00600C3CC96 /* NSDataTest.m in Sources */ = {isa = PBXBuildFile; fileRef = A0945A480E7CC00600C3CC96 /* NSDataTest.m */; };
		A0945A570E7CC00600C3CC96 /* NSDateTest.m in Sources */ = {isa = PBXBuildFile; fileRef = A0945A490E7CC00600C3CC96 /* NSDateTest.m */; };
		A0945A580E7CC00600C3CC96 /* NSErrorTest.m in Sources */ = {isa = PBXBuildFile; fileRef = A0945A4A0E7CC00600C3CC96 /* NSErrorTest.m */; };
		A0945A590E7CC00600C3CC96 /* NSMutableArrayTest.m in Sources */ = {isa = PBXBuildFile; fileRef = A0945A4B0E7CC00600C3CC96 /* NSMutableArrayTest.m */; };
		A0945A5A0E7CC00600C3CC96 /* NSMutableDictionaryTest.m in Sources */ = {isa = PBXBuildFile; fileRef = A0945A4C0E7CC00600C3CC96 /* NSMutableDictionaryTest.m */; };
		A0945A5B0E7CC00600C3CC96 /* NSMutableSetTest.m in Sources */ = {isa = PBXBuildFile; fileRef = A0945A4D0E7CC00600C3CC96 /* NSMutableSetTest.m */; };
		A0945A5C0E7CC00600C3CC96 /* NSNotificationTest.m in Sources */ = {isa = PBXBuildFile; fileRef = A0945A4E0E7CC00600C3CC96 /* NSNotificationTest.m */; };
		A0945A5D0E7CC00600C3CC96 /* NSNumberTest.m in Sources */ = {isa = PBXBuildFile; fileRef = A0945A4F0E7CC00600C3CC96 /* NSNumberTest.m */; };
		A0945A5E0E7CC00600C3CC96 /* NSProcessInfoTest.m in Sources */ = {isa = PBXBuildFile; fileRef = A0945A500E7CC00600C3CC96 /* NSProcessInfoTest.m */; };
		A0945A5F0E7CC00600C3CC96 /* NSStringTest.m in Sources */ = {isa = PBXBuildFile; fileRef = A0945A510E7CC00600C3CC96 /* NSStringTest.m */; };
		A0945A600E7CC00600C3CC96 /* NSObjectTest.m in Sources */ = {isa = PBXBuildFile; fileRef = A0945A520E7CC00600C3CC96 /* NSObjectTest.m */; };
		A0945A690E7CC0A600C3CC96 /* Matrix.m in Sources */ = {isa = PBXBuildFile; fileRef = A0945A630E7CC0A600C3CC96 /* Matrix.m */; };
		A0945A6A0E7CC0A600C3CC96 /* Vector.m in Sources */ = {isa = PBXBuildFile; fileRef = A0945A660E7CC0A600C3CC96 /* Vector.m */; };
		A0945A6B0E7CC0A600C3CC96 /* MatrixTest.m in Sources */ = {isa = PBXBuildFile; fileRef = A0945A670E7CC0A600C3CC96 /* MatrixTest.m */; };
		A0945A6C0E7CC0A600C3CC96 /* VectorTest.m in Sources */ = {isa = PBXBuildFile; fileRef = A0945A680E7CC0A600C3CC96 /* VectorTest.m */; };
		A0945D960E7CF31200C3CC96 /* HelloTest.m in Sources */ = {isa = PBXBuildFile; fileRef = A0945D950E7CF31200C3CC96 /* HelloTest.m */; };
		A0945D990E7CF32600C3CC96 /* CGContextTest.m in Sources */ = {isa = PBXBuildFile; fileRef = A0945D980E7CF32600C3CC96 /* CGContextTest.m */; };
		A0E66F400E7D9B7C000F6789 /* Array.m in Sources */ = {isa = PBXBuildFile; fileRef = A0E66F340E7D9B7C000F6789 /* Array.m */; };
		A0E66F410E7D9B7C000F6789 /* ArrayTest.m in Sources */ = {isa = PBXBuildFile; fileRef = A0E66F350E7D9B7C000F6789 /* ArrayTest.m */; };
		A0E66F420E7D9B7C000F6789 /* Enumerable.m in Sources */ = {isa = PBXBuildFile; fileRef = A0E66F370E7D9B7C000F6789 /* Enumerable.m */; };
		A0E66F430E7D9B7C000F6789 /* EnumerableTest.m in Sources */ = {isa = PBXBuildFile; fileRef = A0E66F380E7D9B7C000F6789 /* EnumerableTest.m */; };
		A0E66F440E7D9B7C000F6789 /* Numeric.m in Sources */ = {isa = PBXBuildFile; fileRef = A0E66F3A0E7D9B7C000F6789 /* Numeric.m */; };
		A0E66F450E7D9B7C000F6789 /* NumericTest.m in Sources */ = {isa = PBXBuildFile; fileRef = A0E66F3B0E7D9B7C000F6789 /* NumericTest.m */; };
		A0E66F460E7D9B7C000F6789 /* String.m in Sources */ = {isa = PBXBuildFile; fileRef = A0E66F3D0E7D9B7C000F6789 /* String.m */; };
		A0E66F470E7D9B7C000F6789 /* StringTest.m in Sources */ = {isa = PBXBuildFile; fileRef = A0E66F3E0E7D9B7C000F6789 /* StringTest.m */; };
/* End PBXBuildFile section */

/* Begin PBXFileReference section */
		1D30AB110D05D00D00671497 /* Foundation.framework */ = {isa = PBXFileReference; lastKnownFileType = wrapper.framework; name = Foundation.framework; path = System/Library/Frameworks/Foundation.framework; sourceTree = SDKROOT; };
		1D3623240D0F684500981E51 /* touchAppDelegate.h */ = {isa = PBXFileReference; fileEncoding = 4; lastKnownFileType = sourcecode.c.h; path = touchAppDelegate.h; sourceTree = "<group>"; };
		1D3623250D0F684500981E51 /* touchAppDelegate.m */ = {isa = PBXFileReference; fileEncoding = 4; lastKnownFileType = sourcecode.c.objc; path = touchAppDelegate.m; sourceTree = "<group>"; };
		1D6058910D05DD3D006BFB54 /* touch.app */ = {isa = PBXFileReference; explicitFileType = wrapper.application; includeInIndex = 0; path = touch.app; sourceTree = BUILT_PRODUCTS_DIR; };
		1DF5F4DF0D08C38300B7A737 /* UIKit.framework */ = {isa = PBXFileReference; lastKnownFileType = wrapper.framework; name = UIKit.framework; path = System/Library/Frameworks/UIKit.framework; sourceTree = SDKROOT; };
		288765FC0DF74451002DB57D /* CoreGraphics.framework */ = {isa = PBXFileReference; lastKnownFileType = wrapper.framework; name = CoreGraphics.framework; path = System/Library/Frameworks/CoreGraphics.framework; sourceTree = SDKROOT; };
		28AD733E0D9D9553002E5188 /* MainWindow.xib */ = {isa = PBXFileReference; lastKnownFileType = file.xib; path = MainWindow.xib; sourceTree = "<group>"; };
		29B97316FDCFA39411CA2CEA /* main.m */ = {isa = PBXFileReference; fileEncoding = 4; lastKnownFileType = sourcecode.c.objc; path = main.m; sourceTree = "<group>"; };
		32CA4F630368D1EE00C91783 /* touch_Prefix.pch */ = {isa = PBXFileReference; fileEncoding = 4; lastKnownFileType = sourcecode.c.h; path = touch_Prefix.pch; sourceTree = "<group>"; };
		8D1107310486CEB800E47090 /* Info.plist */ = {isa = PBXFileReference; fileEncoding = 4; lastKnownFileType = text.plist.xml; path = Info.plist; sourceTree = "<group>"; };
		A025467B0E7D648B0096455D /* Icon.png */ = {isa = PBXFileReference; lastKnownFileType = image.png; path = Icon.png; sourceTree = "<group>"; };
		A02B41A50E7CF9A60079642B /* README */ = {isa = PBXFileReference; fileEncoding = 4; lastKnownFileType = text; path = README; sourceTree = "<group>"; };
		A03350D70E7DC39B002DB27C /* Hash.h */ = {isa = PBXFileReference; fileEncoding = 4; lastKnownFileType = sourcecode.c.h; name = Hash.h; path = ../fun/Hash.h; sourceTree = SOURCE_ROOT; };
		A03350D80E7DC39B002DB27C /* Hash.m */ = {isa = PBXFileReference; fileEncoding = 4; lastKnownFileType = sourcecode.c.objc; name = Hash.m; path = ../fun/Hash.m; sourceTree = SOURCE_ROOT; };
		A03350D90E7DC39B002DB27C /* HashTest.m */ = {isa = PBXFileReference; fileEncoding = 4; lastKnownFileType = sourcecode.c.objc; name = HashTest.m; path = ../fun/HashTest.m; sourceTree = SOURCE_ROOT; };
		A094581A0E7C52E500C3CC96 /* MainViewController.h */ = {isa = PBXFileReference; fileEncoding = 4; lastKnownFileType = sourcecode.c.h; path = MainViewController.h; sourceTree = "<group>"; };
		A094581B0E7C52E500C3CC96 /* MainViewController.m */ = {isa = PBXFileReference; fileEncoding = 4; lastKnownFileType = sourcecode.c.objc; path = MainViewController.m; sourceTree = "<group>"; };
		A09458710E7C566500C3CC96 /* TestViewController.h */ = {isa = PBXFileReference; fileEncoding = 4; lastKnownFileType = sourcecode.c.h; path = TestViewController.h; sourceTree = "<group>"; };
		A09458720E7C566500C3CC96 /* TestViewController.m */ = {isa = PBXFileReference; fileEncoding = 4; lastKnownFileType = sourcecode.c.objc; path = TestViewController.m; sourceTree = "<group>"; };
		A0945A410E7CBFCD00C3CC96 /* UnitTest.m */ = {isa = PBXFileReference; fileEncoding = 4; lastKnownFileType = sourcecode.c.objc; name = UnitTest.m; path = ../unittest/UnitTest.m; sourceTree = SOURCE_ROOT; };
		A0945A420E7CBFCD00C3CC96 /* UnitTest.h */ = {isa = PBXFileReference; fileEncoding = 4; lastKnownFileType = sourcecode.c.h; name = UnitTest.h; path = ../unittest/UnitTest.h; sourceTree = SOURCE_ROOT; };
		A0945A440E7CC00600C3CC96 /* test.h */ = {isa = PBXFileReference; fileEncoding = 4; lastKnownFileType = sourcecode.c.h; name = test.h; path = ../foundation/test.h; sourceTree = SOURCE_ROOT; };
		A0945A450E7CC00600C3CC96 /* DataTypesTest.m */ = {isa = PBXFileReference; fileEncoding = 4; lastKnownFileType = sourcecode.c.objc; name = DataTypesTest.m; path = ../foundation/DataTypesTest.m; sourceTree = SOURCE_ROOT; };
		A0945A460E7CC00600C3CC96 /* NSArrayTest.m */ = {isa = PBXFileReference; fileEncoding = 4; lastKnownFileType = sourcecode.c.objc; name = NSArrayTest.m; path = ../foundation/NSArrayTest.m; sourceTree = SOURCE_ROOT; };
		A0945A470E7CC00600C3CC96 /* NSBundleTest.m */ = {isa = PBXFileReference; fileEncoding = 4; lastKnownFileType = sourcecode.c.objc; name = NSBundleTest.m; path = ../foundation/NSBundleTest.m; sourceTree = SOURCE_ROOT; };
		A0945A480E7CC00600C3CC96 /* NSDataTest.m */ = {isa = PBXFileReference; fileEncoding = 4; lastKnownFileType = sourcecode.c.objc; name = NSDataTest.m; path = ../foundation/NSDataTest.m; sourceTree = SOURCE_ROOT; };
		A0945A490E7CC00600C3CC96 /* NSDateTest.m */ = {isa = PBXFileReference; fileEncoding = 4; lastKnownFileType = sourcecode.c.objc; name = NSDateTest.m; path = ../foundation/NSDateTest.m; sourceTree = SOURCE_ROOT; };
		A0945A4A0E7CC00600C3CC96 /* NSErrorTest.m */ = {isa = PBXFileReference; fileEncoding = 4; lastKnownFileType = sourcecode.c.objc; name = NSErrorTest.m; path = ../foundation/NSErrorTest.m; sourceTree = SOURCE_ROOT; };
		A0945A4B0E7CC00600C3CC96 /* NSMutableArrayTest.m */ = {isa = PBXFileReference; fileEncoding = 4; lastKnownFileType = sourcecode.c.objc; name = NSMutableArrayTest.m; path = ../foundation/NSMutableArrayTest.m; sourceTree = SOURCE_ROOT; };
		A0945A4C0E7CC00600C3CC96 /* NSMutableDictionaryTest.m */ = {isa = PBXFileReference; fileEncoding = 4; lastKnownFileType = sourcecode.c.objc; name = NSMutableDictionaryTest.m; path = ../foundation/NSMutableDictionaryTest.m; sourceTree = SOURCE_ROOT; };
		A0945A4D0E7CC00600C3CC96 /* NSMutableSetTest.m */ = {isa = PBXFileReference; fileEncoding = 4; lastKnownFileType = sourcecode.c.objc; name = NSMutableSetTest.m; path = ../foundation/NSMutableSetTest.m; sourceTree = SOURCE_ROOT; };
		A0945A4E0E7CC00600C3CC96 /* NSNotificationTest.m */ = {isa = PBXFileReference; fileEncoding = 4; lastKnownFileType = sourcecode.c.objc; name = NSNotificationTest.m; path = ../foundation/NSNotificationTest.m; sourceTree = SOURCE_ROOT; };
		A0945A4F0E7CC00600C3CC96 /* NSNumberTest.m */ = {isa = PBXFileReference; fileEncoding = 4; lastKnownFileType = sourcecode.c.objc; name = NSNumberTest.m; path = ../foundation/NSNumberTest.m; sourceTree = SOURCE_ROOT; };
		A0945A500E7CC00600C3CC96 /* NSProcessInfoTest.m */ = {isa = PBXFileReference; fileEncoding = 4; lastKnownFileType = sourcecode.c.objc; name = NSProcessInfoTest.m; path = ../foundation/NSProcessInfoTest.m; sourceTree = SOURCE_ROOT; };
		A0945A510E7CC00600C3CC96 /* NSStringTest.m */ = {isa = PBXFileReference; fileEncoding = 4; lastKnownFileType = sourcecode.c.objc; name = NSStringTest.m; path = ../foundation/NSStringTest.m; sourceTree = SOURCE_ROOT; };
		A0945A520E7CC00600C3CC96 /* NSObjectTest.m */ = {isa = PBXFileReference; fileEncoding = 4; lastKnownFileType = sourcecode.c.objc; name = NSObjectTest.m; path = ../foundation/NSObjectTest.m; sourceTree = SOURCE_ROOT; };
		A0945A620E7CC0A600C3CC96 /* test.h */ = {isa = PBXFileReference; fileEncoding = 4; lastKnownFileType = sourcecode.c.h; name = test.h; path = ../math/test.h; sourceTree = SOURCE_ROOT; };
		A0945A630E7CC0A600C3CC96 /* Matrix.m */ = {isa = PBXFileReference; fileEncoding = 4; lastKnownFileType = sourcecode.c.objc; name = Matrix.m; path = ../math/Matrix.m; sourceTree = SOURCE_ROOT; };
		A0945A640E7CC0A600C3CC96 /* Matrix.h */ = {isa = PBXFileReference; fileEncoding = 4; lastKnownFileType = sourcecode.c.h; name = Matrix.h; path = ../math/Matrix.h; sourceTree = SOURCE_ROOT; };
		A0945A650E7CC0A600C3CC96 /* Vector.h */ = {isa = PBXFileReference; fileEncoding = 4; lastKnownFileType = sourcecode.c.h; name = Vector.h; path = ../math/Vector.h; sourceTree = SOURCE_ROOT; };
		A0945A660E7CC0A600C3CC96 /* Vector.m */ = {isa = PBXFileReference; fileEncoding = 4; lastKnownFileType = sourcecode.c.objc; name = Vector.m; path = ../math/Vector.m; sourceTree = SOURCE_ROOT; };
		A0945A670E7CC0A600C3CC96 /* MatrixTest.m */ = {isa = PBXFileReference; fileEncoding = 4; lastKnownFileType = sourcecode.c.objc; name = MatrixTest.m; path = ../math/MatrixTest.m; sourceTree = SOURCE_ROOT; };
		A0945A680E7CC0A600C3CC96 /* VectorTest.m */ = {isa = PBXFileReference; fileEncoding = 4; lastKnownFileType = sourcecode.c.objc; name = VectorTest.m; path = ../math/VectorTest.m; sourceTree = SOURCE_ROOT; };
		A0945D940E7CF31200C3CC96 /* HelloTest.h */ = {isa = PBXFileReference; fileEncoding = 4; lastKnownFileType = sourcecode.c.h; name = HelloTest.h; path = ../unittest/HelloTest.h; sourceTree = SOURCE_ROOT; };
		A0945D950E7CF31200C3CC96 /* HelloTest.m */ = {isa = PBXFileReference; fileEncoding = 4; lastKnownFileType = sourcecode.c.objc; name = HelloTest.m; path = ../unittest/HelloTest.m; sourceTree = SOURCE_ROOT; };
		A0945D970E7CF32600C3CC96 /* test.h */ = {isa = PBXFileReference; fileEncoding = 4; lastKnownFileType = sourcecode.c.h; name = test.h; path = ../coregraphics/test.h; sourceTree = SOURCE_ROOT; };
		A0945D980E7CF32600C3CC96 /* CGContextTest.m */ = {isa = PBXFileReference; fileEncoding = 4; lastKnownFileType = sourcecode.c.objc; name = CGContextTest.m; path = ../coregraphics/CGContextTest.m; sourceTree = SOURCE_ROOT; };
		A0E66F330E7D9B7C000F6789 /* Array.h */ = {isa = PBXFileReference; fileEncoding = 4; lastKnownFileType = sourcecode.c.h; name = Array.h; path = ../fun/Array.h; sourceTree = SOURCE_ROOT; };
		A0E66F340E7D9B7C000F6789 /* Array.m */ = {isa = PBXFileReference; fileEncoding = 4; lastKnownFileType = sourcecode.c.objc; name = Array.m; path = ../fun/Array.m; sourceTree = SOURCE_ROOT; };
		A0E66F350E7D9B7C000F6789 /* ArrayTest.m */ = {isa = PBXFileReference; fileEncoding = 4; lastKnownFileType = sourcecode.c.objc; name = ArrayTest.m; path = ../fun/ArrayTest.m; sourceTree = SOURCE_ROOT; };
		A0E66F360E7D9B7C000F6789 /* Enumerable.h */ = {isa = PBXFileReference; fileEncoding = 4; lastKnownFileType = sourcecode.c.h; name = Enumerable.h; path = ../fun/Enumerable.h; sourceTree = SOURCE_ROOT; };
		A0E66F370E7D9B7C000F6789 /* Enumerable.m */ = {isa = PBXFileReference; fileEncoding = 4; lastKnownFileType = sourcecode.c.objc; name = Enumerable.m; path = ../fun/Enumerable.m; sourceTree = SOURCE_ROOT; };
		A0E66F380E7D9B7C000F6789 /* EnumerableTest.m */ = {isa = PBXFileReference; fileEncoding = 4; lastKnownFileType = sourcecode.c.objc; name = EnumerableTest.m; path = ../fun/EnumerableTest.m; sourceTree = SOURCE_ROOT; };
		A0E66F390E7D9B7C000F6789 /* Numeric.h */ = {isa = PBXFileReference; fileEncoding = 4; lastKnownFileType = sourcecode.c.h; name = Numeric.h; path = ../fun/Numeric.h; sourceTree = SOURCE_ROOT; };
		A0E66F3A0E7D9B7C000F6789 /* Numeric.m */ = {isa = PBXFileReference; fileEncoding = 4; lastKnownFileType = sourcecode.c.objc; name = Numeric.m; path = ../fun/Numeric.m; sourceTree = SOURCE_ROOT; };
		A0E66F3B0E7D9B7C000F6789 /* NumericTest.m */ = {isa = PBXFileReference; fileEncoding = 4; lastKnownFileType = sourcecode.c.objc; name = NumericTest.m; path = ../fun/NumericTest.m; sourceTree = SOURCE_ROOT; };
		A0E66F3C0E7D9B7C000F6789 /* String.h */ = {isa = PBXFileReference; fileEncoding = 4; lastKnownFileType = sourcecode.c.h; name = String.h; path = ../fun/String.h; sourceTree = SOURCE_ROOT; };
		A0E66F3D0E7D9B7C000F6789 /* String.m */ = {isa = PBXFileReference; fileEncoding = 4; lastKnownFileType = sourcecode.c.objc; name = String.m; path = ../fun/String.m; sourceTree = SOURCE_ROOT; };
		A0E66F3E0E7D9B7C000F6789 /* StringTest.m */ = {isa = PBXFileReference; fileEncoding = 4; lastKnownFileType = sourcecode.c.objc; name = StringTest.m; path = ../fun/StringTest.m; sourceTree = SOURCE_ROOT; };
		A0E66F3F0E7D9B7C000F6789 /* test.h */ = {isa = PBXFileReference; fileEncoding = 4; lastKnownFileType = sourcecode.c.h; name = test.h; path = ../fun/test.h; sourceTree = SOURCE_ROOT; };
/* End PBXFileReference section */

/* Begin PBXFrameworksBuildPhase section */
		1D60588F0D05DD3D006BFB54 /* Frameworks */ = {
			isa = PBXFrameworksBuildPhase;
			buildActionMask = 2147483647;
			files = (
				1D60589F0D05DD5A006BFB54 /* Foundation.framework in Frameworks */,
				1DF5F4E00D08C38300B7A737 /* UIKit.framework in Frameworks */,
				288765FD0DF74451002DB57D /* CoreGraphics.framework in Frameworks */,
			);
			runOnlyForDeploymentPostprocessing = 0;
		};
/* End PBXFrameworksBuildPhase section */

/* Begin PBXGroup section */
		080E96DDFE201D6D7F000001 /* Classes */ = {
			isa = PBXGroup;
			children = (
				A09458710E7C566500C3CC96 /* TestViewController.h */,
				A09458720E7C566500C3CC96 /* TestViewController.m */,
				A094581A0E7C52E500C3CC96 /* MainViewController.h */,
				A094581B0E7C52E500C3CC96 /* MainViewController.m */,
				1D3623240D0F684500981E51 /* touchAppDelegate.h */,
				1D3623250D0F684500981E51 /* touchAppDelegate.m */,
			);
			path = Classes;
			sourceTree = "<group>";
		};
		19C28FACFE9D520D11CA2CBB /* Products */ = {
			isa = PBXGroup;
			children = (
				1D6058910D05DD3D006BFB54 /* touch.app */,
			);
			name = Products;
			sourceTree = "<group>";
		};
		29B97314FDCFA39411CA2CEA /* CustomTemplate */ = {
			isa = PBXGroup;
			children = (
				A0E66F320E7D9B2A000F6789 /* fun */,
				A025467A0E7D648B0096455D /* images */,
				A0945D930E7CF2EA00C3CC96 /* coregraphics */,
				A0945A610E7CC08E00C3CC96 /* math */,
				A0945A400E7CBFB500C3CC96 /* foundation */,
				A0945A3F0E7CBFAE00C3CC96 /* unittest */,
				080E96DDFE201D6D7F000001 /* Classes */,
				29B97315FDCFA39411CA2CEA /* Other Sources */,
				29B97317FDCFA39411CA2CEA /* Resources */,
				29B97323FDCFA39411CA2CEA /* Frameworks */,
				19C28FACFE9D520D11CA2CBB /* Products */,
				A02B41A50E7CF9A60079642B /* README */,
			);
			name = CustomTemplate;
			sourceTree = "<group>";
		};
		29B97315FDCFA39411CA2CEA /* Other Sources */ = {
			isa = PBXGroup;
			children = (
				32CA4F630368D1EE00C91783 /* touch_Prefix.pch */,
				29B97316FDCFA39411CA2CEA /* main.m */,
			);
			name = "Other Sources";
			sourceTree = "<group>";
		};
		29B97317FDCFA39411CA2CEA /* Resources */ = {
			isa = PBXGroup;
			children = (
				28AD733E0D9D9553002E5188 /* MainWindow.xib */,
				8D1107310486CEB800E47090 /* Info.plist */,
			);
			name = Resources;
			sourceTree = "<group>";
		};
		29B97323FDCFA39411CA2CEA /* Frameworks */ = {
			isa = PBXGroup;
			children = (
				1DF5F4DF0D08C38300B7A737 /* UIKit.framework */,
				1D30AB110D05D00D00671497 /* Foundation.framework */,
				288765FC0DF74451002DB57D /* CoreGraphics.framework */,
			);
			name = Frameworks;
			sourceTree = "<group>";
		};
		A025467A0E7D648B0096455D /* images */ = {
			isa = PBXGroup;
			children = (
				A025467B0E7D648B0096455D /* Icon.png */,
			);
			path = images;
			sourceTree = "<group>";
		};
		A0945A3F0E7CBFAE00C3CC96 /* unittest */ = {
			isa = PBXGroup;
			children = (
				A0945D940E7CF31200C3CC96 /* HelloTest.h */,
				A0945D950E7CF31200C3CC96 /* HelloTest.m */,
				A0945A410E7CBFCD00C3CC96 /* UnitTest.m */,
				A0945A420E7CBFCD00C3CC96 /* UnitTest.h */,
			);
			name = unittest;
			sourceTree = "<group>";
		};
		A0945A400E7CBFB500C3CC96 /* foundation */ = {
			isa = PBXGroup;
			children = (
				A0945A440E7CC00600C3CC96 /* test.h */,
				A0945A450E7CC00600C3CC96 /* DataTypesTest.m */,
				A0945A460E7CC00600C3CC96 /* NSArrayTest.m */,
				A0945A470E7CC00600C3CC96 /* NSBundleTest.m */,
				A0945A480E7CC00600C3CC96 /* NSDataTest.m */,
				A0945A490E7CC00600C3CC96 /* NSDateTest.m */,
				A0945A4A0E7CC00600C3CC96 /* NSErrorTest.m */,
				A0945A4B0E7CC00600C3CC96 /* NSMutableArrayTest.m */,
				A0945A4C0E7CC00600C3CC96 /* NSMutableDictionaryTest.m */,
				A0945A4D0E7CC00600C3CC96 /* NSMutableSetTest.m */,
				A0945A4E0E7CC00600C3CC96 /* NSNotificationTest.m */,
				A0945A4F0E7CC00600C3CC96 /* NSNumberTest.m */,
				A0945A500E7CC00600C3CC96 /* NSProcessInfoTest.m */,
				A0945A510E7CC00600C3CC96 /* NSStringTest.m */,
				A0945A520E7CC00600C3CC96 /* NSObjectTest.m */,
			);
			name = foundation;
			sourceTree = "<group>";
		};
		A0945A610E7CC08E00C3CC96 /* math */ = {
			isa = PBXGroup;
			children = (
				A0945A620E7CC0A600C3CC96 /* test.h */,
				A0945A630E7CC0A600C3CC96 /* Matrix.m */,
				A0945A640E7CC0A600C3CC96 /* Matrix.h */,
				A0945A650E7CC0A600C3CC96 /* Vector.h */,
				A0945A660E7CC0A600C3CC96 /* Vector.m */,
				A0945A670E7CC0A600C3CC96 /* MatrixTest.m */,
				A0945A680E7CC0A600C3CC96 /* VectorTest.m */,
			);
			name = math;
			sourceTree = "<group>";
		};
		A0945D930E7CF2EA00C3CC96 /* coregraphics */ = {
			isa = PBXGroup;
			children = (
				A0945D970E7CF32600C3CC96 /* test.h */,
				A0945D980E7CF32600C3CC96 /* CGContextTest.m */,
			);
			name = coregraphics;
			sourceTree = "<group>";
		};
		A0E66F320E7D9B2A000F6789 /* fun */ = {
			isa = PBXGroup;
			children = (
				A03350D70E7DC39B002DB27C /* Hash.h */,
				A03350D80E7DC39B002DB27C /* Hash.m */,
				A03350D90E7DC39B002DB27C /* HashTest.m */,
				A0E66F330E7D9B7C000F6789 /* Array.h */,
				A0E66F340E7D9B7C000F6789 /* Array.m */,
				A0E66F350E7D9B7C000F6789 /* ArrayTest.m */,
				A0E66F360E7D9B7C000F6789 /* Enumerable.h */,
				A0E66F370E7D9B7C000F6789 /* Enumerable.m */,
				A0E66F380E7D9B7C000F6789 /* EnumerableTest.m */,
				A0E66F390E7D9B7C000F6789 /* Numeric.h */,
				A0E66F3A0E7D9B7C000F6789 /* Numeric.m */,
				A0E66F3B0E7D9B7C000F6789 /* NumericTest.m */,
				A0E66F3C0E7D9B7C000F6789 /* String.h */,
				A0E66F3D0E7D9B7C000F6789 /* String.m */,
				A0E66F3E0E7D9B7C000F6789 /* StringTest.m */,
				A0E66F3F0E7D9B7C000F6789 /* test.h */,
			);
			name = fun;
			sourceTree = "<group>";
		};
/* End PBXGroup section */

/* Begin PBXNativeTarget section */
		1D6058900D05DD3D006BFB54 /* touch */ = {
			isa = PBXNativeTarget;
			buildConfigurationList = 1D6058960D05DD3E006BFB54 /* Build configuration list for PBXNativeTarget "touch" */;
			buildPhases = (
				1D60588D0D05DD3D006BFB54 /* Resources */,
				1D60588E0D05DD3D006BFB54 /* Sources */,
				1D60588F0D05DD3D006BFB54 /* Frameworks */,
			);
			buildRules = (
			);
			dependencies = (
			);
			name = touch;
			productName = touch;
			productReference = 1D6058910D05DD3D006BFB54 /* touch.app */;
			productType = "com.apple.product-type.application";
		};
/* End PBXNativeTarget section */

/* Begin PBXProject section */
		29B97313FDCFA39411CA2CEA /* Project object */ = {
			isa = PBXProject;
			buildConfigurationList = C01FCF4E08A954540054247B /* Build configuration list for PBXProject "touch" */;
			compatibilityVersion = "Xcode 3.1";
			hasScannedForEncodings = 1;
			mainGroup = 29B97314FDCFA39411CA2CEA /* CustomTemplate */;
			projectDirPath = "";
			projectRoot = "";
			targets = (
				1D6058900D05DD3D006BFB54 /* touch */,
			);
		};
/* End PBXProject section */

/* Begin PBXResourcesBuildPhase section */
		1D60588D0D05DD3D006BFB54 /* Resources */ = {
			isa = PBXResourcesBuildPhase;
			buildActionMask = 2147483647;
			files = (
				28AD733F0D9D9553002E5188 /* MainWindow.xib in Resources */,
				A02B41A60E7CF9A60079642B /* README in Resources */,
				A025467C0E7D648B0096455D /* Icon.png in Resources */,
			);
			runOnlyForDeploymentPostprocessing = 0;
		};
/* End PBXResourcesBuildPhase section */

/* Begin PBXSourcesBuildPhase section */
		1D60588E0D05DD3D006BFB54 /* Sources */ = {
			isa = PBXSourcesBuildPhase;
			buildActionMask = 2147483647;
			files = (
				1D60589B0D05DD56006BFB54 /* main.m in Sources */,
				1D3623260D0F684500981E51 /* touchAppDelegate.m in Sources */,
				A094581C0E7C52E500C3CC96 /* MainViewController.m in Sources */,
				A09458730E7C566500C3CC96 /* TestViewController.m in Sources */,
				A0945A430E7CBFCD00C3CC96 /* UnitTest.m in Sources */,
				A0945A530E7CC00600C3CC96 /* DataTypesTest.m in Sources */,
				A0945A540E7CC00600C3CC96 /* NSArrayTest.m in Sources */,
				A0945A550E7CC00600C3CC96 /* NSBundleTest.m in Sources */,
				A0945A560E7CC00600C3CC96 /* NSDataTest.m in Sources */,
				A0945A570E7CC00600C3CC96 /* NSDateTest.m in Sources */,
				A0945A580E7CC00600C3CC96 /* NSErrorTest.m in Sources */,
				A0945A590E7CC00600C3CC96 /* NSMutableArrayTest.m in Sources */,
				A0945A5A0E7CC00600C3CC96 /* NSMutableDictionaryTest.m in Sources */,
				A0945A5B0E7CC00600C3CC96 /* NSMutableSetTest.m in Sources */,
				A0945A5C0E7CC00600C3CC96 /* NSNotificationTest.m in Sources */,
				A0945A5D0E7CC00600C3CC96 /* NSNumberTest.m in Sources */,
				A0945A5E0E7CC00600C3CC96 /* NSProcessInfoTest.m in Sources */,
				A0945A5F0E7CC00600C3CC96 /* NSStringTest.m in Sources */,
				A0945A600E7CC00600C3CC96 /* NSObjectTest.m in Sources */,
				A0945A690E7CC0A600C3CC96 /* Matrix.m in Sources */,
				A0945A6A0E7CC0A600C3CC96 /* Vector.m in Sources */,
				A0945A6B0E7CC0A600C3CC96 /* MatrixTest.m in Sources */,
				A0945A6C0E7CC0A600C3CC96 /* VectorTest.m in Sources */,
				A0945D960E7CF31200C3CC96 /* HelloTest.m in Sources */,
				A0945D990E7CF32600C3CC96 /* CGContextTest.m in Sources */,
				A0E66F400E7D9B7C000F6789 /* Array.m in Sources */,
				A0E66F410E7D9B7C000F6789 /* ArrayTest.m in Sources */,
				A0E66F420E7D9B7C000F6789 /* Enumerable.m in Sources */,
				A0E66F430E7D9B7C000F6789 /* EnumerableTest.m in Sources */,
				A0E66F440E7D9B7C000F6789 /* Numeric.m in Sources */,
				A0E66F450E7D9B7C000F6789 /* NumericTest.m in Sources */,
				A0E66F460E7D9B7C000F6789 /* String.m in Sources */,
				A0E66F470E7D9B7C000F6789 /* StringTest.m in Sources */,
				A03350DA0E7DC39B002DB27C /* Hash.m in Sources */,
				A03350DB0E7DC39B002DB27C /* HashTest.m in Sources */,
			);
			runOnlyForDeploymentPostprocessing = 0;
		};
/* End PBXSourcesBuildPhase section */

/* Begin XCBuildConfiguration section */
		1D6058940D05DD3E006BFB54 /* Debug */ = {
			isa = XCBuildConfiguration;
			buildSettings = {
				ALWAYS_SEARCH_USER_PATHS = NO;
				COPY_PHASE_STRIP = NO;
				GCC_DYNAMIC_NO_PIC = NO;
				GCC_OPTIMIZATION_LEVEL = 0;
				GCC_PRECOMPILE_PREFIX_HEADER = YES;
				GCC_PREFIX_HEADER = touch_Prefix.pch;
				INFOPLIST_FILE = Info.plist;
				PRODUCT_NAME = touch;
			};
			name = Debug;
		};
		1D6058950D05DD3E006BFB54 /* Release */ = {
			isa = XCBuildConfiguration;
			buildSettings = {
				ALWAYS_SEARCH_USER_PATHS = NO;
				COPY_PHASE_STRIP = YES;
				GCC_PRECOMPILE_PREFIX_HEADER = YES;
				GCC_PREFIX_HEADER = touch_Prefix.pch;
				INFOPLIST_FILE = Info.plist;
				PRODUCT_NAME = touch;
			};
			name = Release;
		};
		C01FCF4F08A954540054247B /* Debug */ = {
			isa = XCBuildConfiguration;
			buildSettings = {
				ARCHS = "$(ARCHS_STANDARD_32_BIT)";
				"CODE_SIGN_IDENTITY[sdk=iphoneos*]" = "iPhone Developer";
				GCC_C_LANGUAGE_STANDARD = c99;
				GCC_WARN_ABOUT_RETURN_TYPE = YES;
				GCC_WARN_UNUSED_VARIABLE = YES;
				ONLY_ACTIVE_ARCH = YES;
				PREBINDING = NO;
				SDKROOT = iphoneos2.1;
			};
			name = Debug;
		};
		C01FCF5008A954540054247B /* Release */ = {
			isa = XCBuildConfiguration;
			buildSettings = {
				ARCHS = "$(ARCHS_STANDARD_32_BIT)";
				"CODE_SIGN_IDENTITY[sdk=iphoneos*]" = "iPhone Developer";
				GCC_C_LANGUAGE_STANDARD = c99;
				GCC_WARN_ABOUT_RETURN_TYPE = YES;
				GCC_WARN_UNUSED_VARIABLE = YES;
				PREBINDING = NO;
				SDKROOT = iphoneos2.1;
			};
			name = Release;
		};
/* End XCBuildConfiguration section */

/* Begin XCConfigurationList section */
		1D6058960D05DD3E006BFB54 /* Build configuration list for PBXNativeTarget "touch" */ = {
			isa = XCConfigurationList;
			buildConfigurations = (
				1D6058940D05DD3E006BFB54 /* Debug */,
				1D6058950D05DD3E006BFB54 /* Release */,
			);
			defaultConfigurationIsVisible = 0;
			defaultConfigurationName = Release;
		};
		C01FCF4E08A954540054247B /* Build configuration list for PBXProject "touch" */ = {
			isa = XCConfigurationList;
			buildConfigurations = (
				C01FCF4F08A954540054247B /* Debug */,
				C01FCF5008A954540054247B /* Release */,
			);
			defaultConfigurationIsVisible = 0;
			defaultConfigurationName = Release;
		};
/* End XCConfigurationList section */
	};
	rootObject = 29B97313FDCFA39411CA2CEA /* Project object */;
}
